name: Update uv.lock for Dependabot

on:
  pull_request:
    paths:
      - requirements.txt

jobs:
  uv-lock:
    if: github.actor == 'dependabot[bot]'
    runs-on: ubuntu-latest

    permissions:
      contents: write
      pull-requests: write

    steps:
      - uses: actions/checkout@v4
        with:
          ref: ${{ github.head_ref }}

      - uses: actions/setup-python@v6
        with:
          python-version-file: ".python-version"

      - name: Install uv
        uses: astral-sh/setup-uv@v7
        with:
          version: "0.9.18"

      - name: Regenerate uv.lock
        run: uv lock

      - name: Commit uv.lock
        run: |
          if git diff --quiet uv.lock; then
            echo "uv.lock unchanged"
            exit 0
          fi
          git config user.name "dependabot[bot]"
          git config user.email "49699333+dependabot[bot]@users.noreply.github.com"
          git add uv.lock
          git commit -m "Update uv.lock"
          git push
